
Microsoft Visual Studio Solution File, Format Version 12.00
# Visual Studio Version 17
VisualStudioVersion = 17.3.32825.248
MinimumVisualStudioVersion = 10.0.40219.1
Project("{FAE04EC0-301F-11D3-BF4B-00C04F79EFBC}") = "DataStructure", "DataStructure\DataStructure.csproj", "{AA3E9792-FC3A-4752-8B63-5263D13429C5}"
EndProject
Global
	GlobalSection(SolutionConfigurationPlatforms) = preSolution
		Debug|Any CPU = Debug|Any CPU
		Release|Any CPU = Release|Any CPU
	EndGlobalSection
	GlobalSection(ProjectConfigurationPlatforms) = postSolution
		{AA3E9792-FC3A-4752-8B63-5263D13429C5}.Debug|Any CPU.ActiveCfg = Debug|Any CPU
		{AA3E9792-FC3A-4752-8B63-5263D13429C5}.Debug|Any CPU.Build.0 = Debug|Any CPU
		{AA3E9792-FC3A-4752-8B63-5263D13429C5}.Release|Any CPU.ActiveCfg = Release|Any CPU
		{AA3E9792-FC3A-4752-8B63-5263D13429C5}.Release|Any CPU.Build.0 = Release|Any CPU
	EndGlobalSection
	GlobalSection(SolutionProperties) = preSolution
		HideSolutionNode = FALSE
	EndGlobalSection
	GlobalSection(ExtensibilityGlobals) = postSolution
		SolutionGuid = {EF294CD8-D36A-4FAF-BC6A-40B3DDE5CE49}
	EndGlobalSection
EndGlobal
